PODS:
  - EvernoteSDK (3.0.0)
  - SnapKit (3.2.0)

DEPENDENCIES:
  - EvernoteSDK (from `https://github.com/evernote/evernote-cloud-sdk-ios`)
  - SnapKit (~> 3.2.0)

EXTERNAL SOURCES:
  EvernoteSDK:
    :git: https://github.com/evernote/evernote-cloud-sdk-ios

CHECKOUT OPTIONS:
  EvernoteSDK:
    :commit: ff8c083be3e1f950323dd01c056322e54a712643
    :git: https://github.com/evernote/evernote-cloud-sdk-ios

SPEC CHECKSUMS:
  EvernoteSDK: 6d66f44f5cbb7eaa9f4a2a9d4b3f033938647631
  SnapKit: 1ca44df72cfa543218d177cb8aab029d10d86ea7

PODFILE CHECKSUM: 7e8c1fd80f015d8b3e680d4c83e098ff1770f989

COCOAPODS: 1.1.1
