// !$*UTF8*$!
{
	archiveVersion = 1;
	classes = {
	};
	objectVersion = 46;
	objects = {

/* Begin PBXBuildFile section */
		F4BBE94D1E613F3900638C21 /* AppDelegate.swift in Sources */ = {isa = PBXBuildFile; fileRef = F4BBE94C1E613F3900638C21 /* AppDelegate.swift */; };
		F4BBE94F1E613F3900638C21 /* ViewController.swift in Sources */ = {isa = PBXBuildFile; fileRef = F4BBE94E1E613F3900638C21 /* ViewController.swift */; };
		F4BBE9521E613F3900638C21 /* Main.storyboard in Resources */ = {isa = PBXBuildFile; fileRef = F4BBE9501E613F3900638C21 /* Main.storyboard */; };
		F4BBE9551E613F3900638C21 /* SimpleMemo.xcdatamodeld in Sources */ = {isa = PBXBuildFile; fileRef = F4BBE9531E613F3900638C21 /* SimpleMemo.xcdatamodeld */; };
		F4BBE9571E613F3900638C21 /* Assets.xcassets in Resources */ = {isa = PBXBuildFile; fileRef = F4BBE9561E613F3900638C21 /* Assets.xcassets */; };
		F4BBE95A1E613F3900638C21 /* LaunchScreen.storyboard in Resources */ = {isa = PBXBuildFile; fileRef = F4BBE9581E613F3900638C21 /* LaunchScreen.storyboard */; };
		F4BBE9651E613F3900638C21 /* SimpleMemoTests.swift in Sources */ = {isa = PBXBuildFile; fileRef = F4BBE9641E613F3900638C21 /* SimpleMemoTests.swift */; };
/* End PBXBuildFile section */

/* Begin PBXContainerItemProxy section */
		F4BBE9611E613F3900638C21 /* PBXContainerItemProxy */ = {
			isa = PBXContainerItemProxy;
			containerPortal = F4BBE9411E613F3900638C21 /* Project object */;
			proxyType = 1;
			remoteGlobalIDString = F4BBE9481E613F3900638C21;
			remoteInfo = SimpleMemo;
		};
/* End PBXContainerItemProxy section */

/* Begin PBXFileReference section */
		F4BBE9491E613F3900638C21 /* SimpleMemo.app */ = {isa = PBXFileReference; explicitFileType = wrapper.application; includeInIndex = 0; path = SimpleMemo.app; sourceTree = BUILT_PRODUCTS_DIR; };
		F4BBE94C1E613F3900638C21 /* AppDelegate.swift */ = {isa = PBXFileReference; lastKnownFileType = sourcecode.swift; path = AppDelegate.swift; sourceTree = "<group>"; };
		F4BBE94E1E613F3900638C21 /* ViewController.swift */ = {isa = PBXFileReference; lastKnownFileType = sourcecode.swift; path = ViewController.swift; sourceTree = "<group>"; };
		F4BBE9511E613F3900638C21 /* Base */ = {isa = PBXFileReference; lastKnownFileType = file.storyboard; name = Base; path = Base.lproj/Main.storyboard; sourceTree = "<group>"; };
		F4BBE9541E613F3900638C21 /* SimpleMemo.xcdatamodel */ = {isa = PBXFileReference; lastKnownFileType = wrapper.xcdatamodel; path = SimpleMemo.xcdatamodel; sourceTree = "<group>"; };
		F4BBE9561E613F3900638C21 /* Assets.xcassets */ = {isa = PBXFileReference; lastKnownFileType = folder.assetcatalog; path = Assets.xcassets; sourceTree = "<group>"; };
		F4BBE9591E613F3900638C21 /* Base */ = {isa = PBXFileReference; lastKnownFileType = file.storyboard; name = Base; path = Base.lproj/LaunchScreen.storyboard; sourceTree = "<group>"; };
		F4BBE95B1E613F3900638C21 /* Info.plist */ = {isa = PBXFileReference; lastKnownFileType = text.plist.xml; path = Info.plist; sourceTree = "<group>"; };
		F4BBE9601E613F3900638C21 /* SimpleMemoTests.xctest */ = {isa = PBXFileReference; explicitFileType = wrapper.cfbundle; includeInIndex = 0; path = SimpleMemoTests.xctest; sourceTree = BUILT_PRODUCTS_DIR; };
		F4BBE9641E613F3900638C21 /* SimpleMemoTests.swift */ = {isa = PBXFileReference; lastKnownFileType = sourcecode.swift; path = SimpleMemoTests.swift; sourceTree = "<group>"; };
		F4BBE9661E613F3900638C21 /* Info.plist */ = {isa = PBXFileReference; lastKnownFileType = text.plist.xml; path = Info.plist; sourceTree = "<group>"; };
		F4BBE96F1E613FC500638C21 /* zh-Hans */ = {isa = PBXFileReference; lastKnownFileType = text.plist.strings; name = "zh-Hans"; path = "zh-Hans.lproj/Main.strings"; sourceTree = "<group>"; };
		F4BBE9701E613FC500638C21 /* zh-Hans */ = {isa = PBXFileReference; lastKnownFileType = text.plist.strings; name = "zh-Hans"; path = "zh-Hans.lproj/LaunchScreen.strings"; sourceTree = "<group>"; };
/* End PBXFileReference section */

/* Begin PBXFrameworksBuildPhase section */
		F4BBE9461E613F3900638C21 /* Frameworks */ = {
			isa = PBXFrameworksBuildPhase;
			buildActionMask = 2147483647;
			files = (
			);
			runOnlyForDeploymentPostprocessing = 0;
		};
		F4BBE95D1E613F3900638C21 /* Frameworks */ = {
			isa = PBXFrameworksBuildPhase;
			buildActionMask = 2147483647;
			files = (
			);
			runOnlyForDeploymentPostprocessing = 0;
		};
/* End PBXFrameworksBuildPhase section */

/* Begin PBXGroup section */
		F4BBE9401E613F3900638C21 = {
			isa = PBXGroup;
			children = (
				F4BBE94B1E613F3900638C21 /* SimpleMemo */,
				F4BBE9631E613F3900638C21 /* SimpleMemoTests */,
				F4BBE94A1E613F3900638C21 /* Products */,
			);
			sourceTree = "<group>";
		};
		F4BBE94A1E613F3900638C21 /* Products */ = {
			isa = PBXGroup;
			children = (
				F4BBE9491E613F3900638C21 /* SimpleMemo.app */,
				F4BBE9601E613F3900638C21 /* SimpleMemoTests.xctest */,
			);
			name = Products;
			sourceTree = "<group>";
		};
		F4BBE94B1E613F3900638C21 /* SimpleMemo */ = {
			isa = PBXGroup;
			children = (
				F4BBE94C1E613F3900638C21 /* AppDelegate.swift */,
				F4BBE94E1E613F3900638C21 /* ViewController.swift */,
				F4BBE9501E613F3900638C21 /* Main.storyboard */,
				F4BBE9561E613F3900638C21 /* Assets.xcassets */,
				F4BBE9581E613F3900638C21 /* LaunchScreen.storyboard */,
				F4BBE95B1E613F3900638C21 /* Info.plist */,
				F4BBE9531E613F3900638C21 /* SimpleMemo.xcdatamodeld */,
			);
			path = SimpleMemo;
			sourceTree = "<group>";
		};
		F4BBE9631E613F3900638C21 /* SimpleMemoTests */ = {
			isa = PBXGroup;
			children = (
				F4BBE9641E613F3900638C21 /* SimpleMemoTests.swift */,
				F4BBE9661E613F3900638C21 /* Info.plist */,
			);
			path = SimpleMemoTests;
			sourceTree = "<group>";
		};
/* End PBXGroup section */

/* Begin PBXNativeTarget section */
		F4BBE9481E613F3900638C21 /* SimpleMemo */ = {
			isa = PBXNativeTarget;
			buildConfigurationList = F4BBE9691E613F3900638C21 /* Build configuration list for PBXNativeTarget "SimpleMemo" */;
			buildPhases = (
				F4BBE9451E613F3900638C21 /* Sources */,
				F4BBE9461E613F3900638C21 /* Frameworks */,
				F4BBE9471E613F3900638C21 /* Resources */,
			);
			buildRules = (
			);
			dependencies = (
			);
			name = SimpleMemo;
			productName = SimpleMemo;
			productReference = F4BBE9491E613F3900638C21 /* SimpleMemo.app */;
			productType = "com.apple.product-type.application";
		};
		F4BBE95F1E613F3900638C21 /* SimpleMemoTests */ = {
			isa = PBXNativeTarget;
			buildConfigurationList = F4BBE96C1E613F3900638C21 /* Build configuration list for PBXNativeTarget "SimpleMemoTests" */;
			buildPhases = (
				F4BBE95C1E613F3900638C21 /* Sources */,
				F4BBE95D1E613F3900638C21 /* Frameworks */,
				F4BBE95E1E613F3900638C21 /* Resources */,
			);
			buildRules = (
			);
			dependencies = (
				F4BBE9621E613F3900638C21 /* PBXTargetDependency */,
			);
			name = SimpleMemoTests;
			productName = SimpleMemoTests;
			productReference = F4BBE9601E613F3900638C21 /* SimpleMemoTests.xctest */;
			productType = "com.apple.product-type.bundle.unit-test";
		};
/* End PBXNativeTarget section */

/* Begin PBXProject section */
		F4BBE9411E613F3900638C21 /* Project object */ = {
			isa = PBXProject;
			attributes = {
				LastSwiftUpdateCheck = 0820;
				LastUpgradeCheck = 0820;
				ORGANIZATIONNAME = Lijun;
				TargetAttributes = {
					F4BBE9481E613F3900638C21 = {
						CreatedOnToolsVersion = 8.2.1;
						DevelopmentTeam = SS76CD8QRS;
						ProvisioningStyle = Automatic;
					};
					F4BBE95F1E613F3900638C21 = {
						CreatedOnToolsVersion = 8.2.1;
						ProvisioningStyle = Automatic;
						TestTargetID = F4BBE9481E613F3900638C21;
					};
				};
			};
			buildConfigurationList = F4BBE9441E613F3900638C21 /* Build configuration list for PBXProject "SimpleMemo" */;
			compatibilityVersion = "Xcode 3.2";
			developmentRegion = English;
			hasScannedForEncodings = 0;
			knownRegions = (
				en,
				Base,
			);
			mainGroup = F4BBE9401E613F3900638C21;
			productRefGroup = F4BBE94A1E613F3900638C21 /* Products */;
			projectDirPath = "";
			projectRoot = "";
			targets = (
				F4BBE9481E613F3900638C21 /* SimpleMemo */,
				F4BBE95F1E613F3900638C21 /* SimpleMemoTests */,
			);
		};
/* End PBXProject section */

/* Begin PBXResourcesBuildPhase section */
		F4BBE9471E613F3900638C21 /* Resources */ = {
			isa = PBXResourcesBuildPhase;
			buildActionMask = 2147483647;
			files = (
				F4BBE95A1E613F3900638C21 /* LaunchScreen.storyboard in Resources */,
				F4BBE9571E613F3900638C21 /* Assets.xcassets in Resources */,
				F4BBE9521E613F3900638C21 /* Main.storyboard in Resources */,
			);
			runOnlyForDeploymentPostprocessing = 0;
		};
		F4BBE95E1E613F3900638C21 /* Resources */ = {
			isa = PBXResourcesBuildPhase;
			buildActionMask = 2147483647;
			files = (
			);
			runOnlyForDeploymentPostprocessing = 0;
		};
/* End PBXResourcesBuildPhase section */

/* Begin PBXSourcesBuildPhase section */
		F4BBE9451E613F3900638C21 /* Sources */ = {
			isa = PBXSourcesBuildPhase;
			buildActionMask = 2147483647;
			files = (
				F4BBE94F1E613F3900638C21 /* ViewController.swift in Sources */,
				F4BBE9551E613F3900638C21 /* SimpleMemo.xcdatamodeld in Sources */,
				F4BBE94D1E613F3900638C21 /* AppDelegate.swift in Sources */,
			);
			runOnlyForDeploymentPostprocessing = 0;
		};
		F4BBE95C1E613F3900638C21 /* Sources */ = {
			isa = PBXSourcesBuildPhase;
			buildActionMask = 2147483647;
			files = (
				F4BBE9651E613F3900638C21 /* SimpleMemoTests.swift in Sources */,
			);
			runOnlyForDeploymentPostprocessing = 0;
		};
/* End PBXSourcesBuildPhase section */

/* Begin PBXTargetDependency section */
		F4BBE9621E613F3900638C21 /* PBXTargetDependency */ = {
			isa = PBXTargetDependency;
			target = F4BBE9481E613F3900638C21 /* SimpleMemo */;
			targetProxy = F4BBE9611E613F3900638C21 /* PBXContainerItemProxy */;
		};
/* End PBXTargetDependency section */

/* Begin PBXVariantGroup section */
		F4BBE9501E613F3900638C21 /* Main.storyboard */ = {
			isa = PBXVariantGroup;
			children = (
				F4BBE9511E613F3900638C21 /* Base */,
				F4BBE96F1E613FC500638C21 /* zh-Hans */,
			);
			name = Main.storyboard;
			sourceTree = "<group>";
		};
		F4BBE9581E613F3900638C21 /* LaunchScreen.storyboard */ = {
			isa = PBXVariantGroup;
			children = (
				F4BBE9591E613F3900638C21 /* Base */,
				F4BBE9701E613FC500638C21 /* zh-Hans */,
			);
			name = LaunchScreen.storyboard;
			sourceTree = "<group>";
		};
/* End PBXVariantGroup section */

/* Begin XCBuildConfiguration section */
		F4BBE9671E613F3900638C21 /* Debug */ = {
			isa = XCBuildConfiguration;
			buildSettings = {
				ALWAYS_SEARCH_USER_PATHS = NO;
				CLANG_ANALYZER_LOCALIZABILITY_NONLOCALIZED = YES;
				CLANG_ANALYZER_NONNULL = YES;
				CLANG_CXX_LANGUAGE_STANDARD = "gnu++0x";
				CLANG_CXX_LIBRARY = "libc++";
				CLANG_ENABLE_MODULES = YES;
				CLANG_ENABLE_OBJC_ARC = YES;
				CLANG_WARN_BOOL_CONVERSION = YES;
				CLANG_WARN_CONSTANT_CONVERSION = YES;
				CLANG_WARN_DIRECT_OBJC_ISA_USAGE = YES_ERROR;
				CLANG_WARN_DOCUMENTATION_COMMENTS = YES;
				CLANG_WARN_EMPTY_BODY = YES;
				CLANG_WARN_ENUM_CONVERSION = YES;
				CLANG_WARN_INFINITE_RECURSION = YES;
				CLANG_WARN_INT_CONVERSION = YES;
				CLANG_WARN_OBJC_ROOT_CLASS = YES_ERROR;
				CLANG_WARN_SUSPICIOUS_MOVE = YES;
				CLANG_WARN_UNREACHABLE_CODE = YES;
				CLANG_WARN__DUPLICATE_METHOD_MATCH = YES;
				"CODE_SIGN_IDENTITY[sdk=iphoneos*]" = "iPhone Developer";
				COPY_PHASE_STRIP = NO;
				DEBUG_INFORMATION_FORMAT = dwarf;
				ENABLE_STRICT_OBJC_MSGSEND = YES;
				ENABLE_TESTABILITY = YES;
				GCC_C_LANGUAGE_STANDARD = gnu99;
				GCC_DYNAMIC_NO_PIC = NO;
				GCC_NO_COMMON_BLOCKS = YES;
				GCC_OPTIMIZATION_LEVEL = 0;
				GCC_PREPROCESSOR_DEFINITIONS = (
					"DEBUG=1",
					"$(inherited)",
				);
				GCC_WARN_64_TO_32_BIT_CONVERSION = YES;
				GCC_WARN_ABOUT_RETURN_TYPE = YES_ERROR;
				GCC_WARN_UNDECLARED_SELECTOR = YES;
				GCC_WARN_UNINITIALIZED_AUTOS = YES_AGGRESSIVE;
				GCC_WARN_UNUSED_FUNCTION = YES;
				GCC_WARN_UNUSED_VARIABLE = YES;
				IPHONEOS_DEPLOYMENT_TARGET = 10.0;
				MTL_ENABLE_DEBUG_INFO = YES;
				ONLY_ACTIVE_ARCH = YES;
				SDKROOT = iphoneos;
				SWIFT_ACTIVE_COMPILATION_CONDITIONS = DEBUG;
				SWIFT_OPTIMIZATION_LEVEL = "-Onone";
				TARGETED_DEVICE_FAMILY = "1,2";
			};
			name = Debug;
		};
		F4BBE9681E613F3900638C21 /* Release */ = {
			isa = XCBuildConfiguration;
			buildSettings = {
				ALWAYS_SEARCH_USER_PATHS = NO;
				CLANG_ANALYZER_LOCALIZABILITY_NONLOCALIZED = YES;
				CLANG_ANALYZER_NONNULL = YES;
				CLANG_CXX_LANGUAGE_STANDARD = "gnu++0x";
				CLANG_CXX_LIBRARY = "libc++";
				CLANG_ENABLE_MODULES = YES;
				CLANG_ENABLE_OBJC_ARC = YES;
				CLANG_WARN_BOOL_CONVERSION = YES;
				CLANG_WARN_CONSTANT_CONVERSION = YES;
				CLANG_WARN_DIRECT_OBJC_ISA_USAGE = YES_ERROR;
				CLANG_WARN_DOCUMENTATION_COMMENTS = YES;
				CLANG_WARN_EMPTY_BODY = YES;
				CLANG_WARN_ENUM_CONVERSION = YES;
				CLANG_WARN_INFINITE_RECURSION = YES;
				CLANG_WARN_INT_CONVERSION = YES;
				CLANG_WARN_OBJC_ROOT_CLASS = YES_ERROR;
				CLANG_WARN_SUSPICIOUS_MOVE = YES;
				CLANG_WARN_UNREACHABLE_CODE = YES;
				CLANG_WARN__DUPLICATE_METHOD_MATCH = YES;
				"CODE_SIGN_IDENTITY[sdk=iphoneos*]" = "iPhone Developer";
				COPY_PHASE_STRIP = NO;
				DEBUG_INFORMATION_FORMAT = "dwarf-with-dsym";
				ENABLE_NS_ASSERTIONS = NO;
				ENABLE_STRICT_OBJC_MSGSEND = YES;
				GCC_C_LANGUAGE_STANDARD = gnu99;
				GCC_NO_COMMON_BLOCKS = YES;
				GCC_WARN_64_TO_32_BIT_CONVERSION = YES;
				GCC_WARN_ABOUT_RETURN_TYPE = YES_ERROR;
				GCC_WARN_UNDECLARED_SELECTOR = YES;
				GCC_WARN_UNINITIALIZED_AUTOS = YES_AGGRESSIVE;
				GCC_WARN_UNUSED_FUNCTION = YES;
				GCC_WARN_UNUSED_VARIABLE = YES;
				IPHONEOS_DEPLOYMENT_TARGET = 10.0;
				MTL_ENABLE_DEBUG_INFO = NO;
				SDKROOT = iphoneos;
				SWIFT_OPTIMIZATION_LEVEL = "-Owholemodule";
				TARGETED_DEVICE_FAMILY = "1,2";
				VALIDATE_PRODUCT = YES;
			};
			name = Release;
		};
		F4BBE96A1E613F3900638C21 /* Debug */ = {
			isa = XCBuildConfiguration;
			buildSettings = {
				ASSETCATALOG_COMPILER_APPICON_NAME = AppIcon;
				DEVELOPMENT_TEAM = SS76CD8QRS;
				INFOPLIST_FILE = SimpleMemo/Info.plist;
				LD_RUNPATH_SEARCH_PATHS = "$(inherited) @executable_path/Frameworks";
				PRODUCT_BUNDLE_IDENTIFIER = com.likumb.Memo;
				PRODUCT_NAME = "$(TARGET_NAME)";
				SWIFT_VERSION = 3.0;
			};
			name = Debug;
		};
		F4BBE96B1E613F3900638C21 /* Release */ = {
			isa = XCBuildConfiguration;
			buildSettings = {
				ASSETCATALOG_COMPILER_APPICON_NAME = AppIcon;
				DEVELOPMENT_TEAM = SS76CD8QRS;
				INFOPLIST_FILE = SimpleMemo/Info.plist;
				LD_RUNPATH_SEARCH_PATHS = "$(inherited) @executable_path/Frameworks";
				PRODUCT_BUNDLE_IDENTIFIER = com.likumb.Memo;
				PRODUCT_NAME = "$(TARGET_NAME)";
				SWIFT_VERSION = 3.0;
			};
			name = Release;
		};
		F4BBE96D1E613F3900638C21 /* Debug */ = {
			isa = XCBuildConfiguration;
			buildSettings = {
				ALWAYS_EMBED_SWIFT_STANDARD_LIBRARIES = YES;
				BUNDLE_LOADER = "$(TEST_HOST)";
				INFOPLIST_FILE = SimpleMemoTests/Info.plist;
				LD_RUNPATH_SEARCH_PATHS = "$(inherited) @executable_path/Frameworks @loader_path/Frameworks";
				PRODUCT_BUNDLE_IDENTIFIER = xyz.lijun.SimpleMemoTests;
				PRODUCT_NAME = "$(TARGET_NAME)";
				SWIFT_VERSION = 3.0;
				TEST_HOST = "$(BUILT_PRODUCTS_DIR)/SimpleMemo.app/SimpleMemo";
			};
			name = Debug;
		};
		F4BBE96E1E613F3900638C21 /* Release */ = {
			isa = XCBuildConfiguration;
			buildSettings = {
				ALWAYS_EMBED_SWIFT_STANDARD_LIBRARIES = YES;
				BUNDLE_LOADER = "$(TEST_HOST)";
				INFOPLIST_FILE = SimpleMemoTests/Info.plist;
				LD_RUNPATH_SEARCH_PATHS = "$(inherited) @executable_path/Frameworks @loader_path/Frameworks";
				PRODUCT_BUNDLE_IDENTIFIER = xyz.lijun.SimpleMemoTests;
				PRODUCT_NAME = "$(TARGET_NAME)";
				SWIFT_VERSION = 3.0;
				TEST_HOST = "$(BUILT_PRODUCTS_DIR)/SimpleMemo.app/SimpleMemo";
			};
			name = Release;
		};
/* End XCBuildConfiguration section */

/* Begin XCConfigurationList section */
		F4BBE9441E613F3900638C21 /* Build configuration list for PBXProject "SimpleMemo" */ = {
			isa = XCConfigurationList;
			buildConfigurations = (
				F4BBE9671E613F3900638C21 /* Debug */,
				F4BBE9681E613F3900638C21 /* Release */,
			);
			defaultConfigurationIsVisible = 0;
			defaultConfigurationName = Release;
		};
		F4BBE9691E613F3900638C21 /* Build configuration list for PBXNativeTarget "SimpleMemo" */ = {
			isa = XCConfigurationList;
			buildConfigurations = (
				F4BBE96A1E613F3900638C21 /* Debug */,
				F4BBE96B1E613F3900638C21 /* Release */,
			);
			defaultConfigurationIsVisible = 0;
		};
		F4BBE96C1E613F3900638C21 /* Build configuration list for PBXNativeTarget "SimpleMemoTests" */ = {
			isa = XCConfigurationList;
			buildConfigurations = (
				F4BBE96D1E613F3900638C21 /* Debug */,
				F4BBE96E1E613F3900638C21 /* Release */,
			);
			defaultConfigurationIsVisible = 0;
		};
/* End XCConfigurationList section */

/* Begin XCVersionGroup section */
		F4BBE9531E613F3900638C21 /* SimpleMemo.xcdatamodeld */ = {
			isa = XCVersionGroup;
			children = (
				F4BBE9541E613F3900638C21 /* SimpleMemo.xcdatamodel */,
			);
			currentVersion = F4BBE9541E613F3900638C21 /* SimpleMemo.xcdatamodel */;
			path = SimpleMemo.xcdatamodeld;
			sourceTree = "<group>";
			versionGroupType = wrapper.xcdatamodel;
		};
/* End XCVersionGroup section */
	};
	rootObject = F4BBE9411E613F3900638C21 /* Project object */;
}
